
Microsoft Visual Studio Solution File, Format Version 12.00
# Visual Studio Version 17
VisualStudioVersion = 17.8.34330.188
MinimumVisualStudioVersion = 10.0.40219.1
Project("{9A19103F-16F7-4668-BE54-9A1E7A4F7556}") = "Infrastructure", "Infrastructure\Infrastructure.csproj", "{BADDEA39-E8CE-45A2-BE81-3B7669C9F507}"
EndProject
Project("{9A19103F-16F7-4668-BE54-9A1E7A4F7556}") = "WebService", "WebService\WebService.csproj", "{84392998-373E-45E7-BB66-2A65CABD1C13}"
EndProject
Project("{9A19103F-16F7-4668-BE54-9A1E7A4F7556}") = "Tests", "Tests\Tests.csproj", "{313AC0ED-DAA7-4B6F-8C61-486FF39B5DA9}"
EndProject
Project("{FAE04EC0-301F-11D3-BF4B-00C04F79EFBC}") = "DomainServices", "DomainServices\DomainServices.csproj", "{A5765424-E5B2-4106-9A0F-9969D4A1C753}"
EndProject
Project("{FAE04EC0-301F-11D3-BF4B-00C04F79EFBC}") = "Domain", "Domain\Domain.csproj", "{DED5B2F6-0ECB-4EB6-9BCE-A549C386CE8B}"
EndProject
Project("{FAE04EC0-301F-11D3-BF4B-00C04F79EFBC}") = "Repositories", "Repositories\Repositories.csproj", "{55FA5A9A-EDCD-4F16-B962-EC57F74EE8F9}"
EndProject
Project("{2150E333-8FDC-42A3-9474-1A3956D46DE8}") = "Source", "Source", "{A2A71C33-91BB-4CAB-ABAA-87E3D54E08A4}"
EndProject
Project("{2150E333-8FDC-42A3-9474-1A3956D46DE8}") = "Test", "Test", "{CAA455D6-EDD4-4DFE-B654-FB61B5AD66C5}"
EndProject
Project("{FAE04EC0-301F-11D3-BF4B-00C04F79EFBC}") = "IntegrationTests", "IntegrationTests\IntegrationTests.csproj", "{5EB69F85-2EF5-46D4-8443-1EC3E75786BD}"
EndProject
Project("{2150E333-8FDC-42A3-9474-1A3956D46DE8}") = "Core", "Core", "{BE6831DF-56B0-4E9B-93B7-60F843DA8E73}"
EndProject
Project("{2150E333-8FDC-42A3-9474-1A3956D46DE8}") = "Domains", "Domains", "{41F9F895-7664-4142-BA12-BF98EDA8978A}"
EndProject
Project("{FAE04EC0-301F-11D3-BF4B-00C04F79EFBC}") = "UnitTests", "UnitTests\UnitTests.csproj", "{09849442-C167-4D73-A62C-F646DB8D05B6}"
EndProject
Global
	GlobalSection(SolutionConfigurationPlatforms) = preSolution
		Debug|Any CPU = Debug|Any CPU
		Release|Any CPU = Release|Any CPU
	EndGlobalSection
	GlobalSection(ProjectConfigurationPlatforms) = postSolution
		{BADDEA39-E8CE-45A2-BE81-3B7669C9F507}.Debug|Any CPU.ActiveCfg = Debug|Any CPU
		{BADDEA39-E8CE-45A2-BE81-3B7669C9F507}.Debug|Any CPU.Build.0 = Debug|Any CPU
		{BADDEA39-E8CE-45A2-BE81-3B7669C9F507}.Release|Any CPU.ActiveCfg = Release|Any CPU
		{BADDEA39-E8CE-45A2-BE81-3B7669C9F507}.Release|Any CPU.Build.0 = Release|Any CPU
		{84392998-373E-45E7-BB66-2A65CABD1C13}.Debug|Any CPU.ActiveCfg = Debug|Any CPU
		{84392998-373E-45E7-BB66-2A65CABD1C13}.Debug|Any CPU.Build.0 = Debug|Any CPU
		{84392998-373E-45E7-BB66-2A65CABD1C13}.Release|Any CPU.ActiveCfg = Release|Any CPU
		{84392998-373E-45E7-BB66-2A65CABD1C13}.Release|Any CPU.Build.0 = Release|Any CPU
		{313AC0ED-DAA7-4B6F-8C61-486FF39B5DA9}.Debug|Any CPU.ActiveCfg = Debug|Any CPU
		{313AC0ED-DAA7-4B6F-8C61-486FF39B5DA9}.Debug|Any CPU.Build.0 = Debug|Any CPU
		{313AC0ED-DAA7-4B6F-8C61-486FF39B5DA9}.Release|Any CPU.ActiveCfg = Release|Any CPU
		{313AC0ED-DAA7-4B6F-8C61-486FF39B5DA9}.Release|Any CPU.Build.0 = Release|Any CPU
		{A5765424-E5B2-4106-9A0F-9969D4A1C753}.Debug|Any CPU.ActiveCfg = Debug|Any CPU
		{A5765424-E5B2-4106-9A0F-9969D4A1C753}.Debug|Any CPU.Build.0 = Debug|Any CPU
		{A5765424-E5B2-4106-9A0F-9969D4A1C753}.Release|Any CPU.ActiveCfg = Release|Any CPU
		{A5765424-E5B2-4106-9A0F-9969D4A1C753}.Release|Any CPU.Build.0 = Release|Any CPU
		{DED5B2F6-0ECB-4EB6-9BCE-A549C386CE8B}.Debug|Any CPU.ActiveCfg = Debug|Any CPU
		{DED5B2F6-0ECB-4EB6-9BCE-A549C386CE8B}.Debug|Any CPU.Build.0 = Debug|Any CPU
		{DED5B2F6-0ECB-4EB6-9BCE-A549C386CE8B}.Release|Any CPU.ActiveCfg = Release|Any CPU
		{DED5B2F6-0ECB-4EB6-9BCE-A549C386CE8B}.Release|Any CPU.Build.0 = Release|Any CPU
		{55FA5A9A-EDCD-4F16-B962-EC57F74EE8F9}.Debug|Any CPU.ActiveCfg = Debug|Any CPU
		{55FA5A9A-EDCD-4F16-B962-EC57F74EE8F9}.Debug|Any CPU.Build.0 = Debug|Any CPU
		{55FA5A9A-EDCD-4F16-B962-EC57F74EE8F9}.Release|Any CPU.ActiveCfg = Release|Any CPU
		{55FA5A9A-EDCD-4F16-B962-EC57F74EE8F9}.Release|Any CPU.Build.0 = Release|Any CPU
		{5EB69F85-2EF5-46D4-8443-1EC3E75786BD}.Debug|Any CPU.ActiveCfg = Debug|Any CPU
		{5EB69F85-2EF5-46D4-8443-1EC3E75786BD}.Debug|Any CPU.Build.0 = Debug|Any CPU
		{5EB69F85-2EF5-46D4-8443-1EC3E75786BD}.Release|Any CPU.ActiveCfg = Release|Any CPU
		{5EB69F85-2EF5-46D4-8443-1EC3E75786BD}.Release|Any CPU.Build.0 = Release|Any CPU
		{09849442-C167-4D73-A62C-F646DB8D05B6}.Debug|Any CPU.ActiveCfg = Debug|Any CPU
		{09849442-C167-4D73-A62C-F646DB8D05B6}.Debug|Any CPU.Build.0 = Debug|Any CPU
		{09849442-C167-4D73-A62C-F646DB8D05B6}.Release|Any CPU.ActiveCfg = Release|Any CPU
		{09849442-C167-4D73-A62C-F646DB8D05B6}.Release|Any CPU.Build.0 = Release|Any CPU
	EndGlobalSection
	GlobalSection(SolutionProperties) = preSolution
		HideSolutionNode = FALSE
	EndGlobalSection
	GlobalSection(ExtensibilityGlobals) = postSolution
		SolutionGuid = {8A9F3D53-EC3F-4B6F-9EE3-EB1F5B2D2988}
	EndGlobalSection
	GlobalSection(NestedProjects) = preSolution
		{313AC0ED-DAA7-4B6F-8C61-486FF39B5DA9} = {CAA455D6-EDD4-4DFE-B654-FB61B5AD66C5}
		{5EB69F85-2EF5-46D4-8443-1EC3E75786BD} = {CAA455D6-EDD4-4DFE-B654-FB61B5AD66C5}
		{BE6831DF-56B0-4E9B-93B7-60F843DA8E73} = {A2A71C33-91BB-4CAB-ABAA-87E3D54E08A4}
		{41F9F895-7664-4142-BA12-BF98EDA8978A} = {A2A71C33-91BB-4CAB-ABAA-87E3D54E08A4}
		{BADDEA39-E8CE-45A2-BE81-3B7669C9F507} = {BE6831DF-56B0-4E9B-93B7-60F843DA8E73}
		{A5765424-E5B2-4106-9A0F-9969D4A1C753} = {41F9F895-7664-4142-BA12-BF98EDA8978A}
		{55FA5A9A-EDCD-4F16-B962-EC57F74EE8F9} = {41F9F895-7664-4142-BA12-BF98EDA8978A}
		{84392998-373E-45E7-BB66-2A65CABD1C13} = {41F9F895-7664-4142-BA12-BF98EDA8978A}
		{09849442-C167-4D73-A62C-F646DB8D05B6} = {CAA455D6-EDD4-4DFE-B654-FB61B5AD66C5}
		{DED5B2F6-0ECB-4EB6-9BCE-A549C386CE8B} = {A2A71C33-91BB-4CAB-ABAA-87E3D54E08A4}
	EndGlobalSection
EndGlobal
